<Solution>
  <Folder Name="/src/">
    <Project Path="src/CodexBar.Cli/CodexBar.Cli.csproj" />
    <Project Path="src/CodexBar.Core/CodexBar.Core.csproj" />
    <Project Path="src/CodexBar.Windows/CodexBar.Windows.csproj" />
  </Folder>
  <Folder Name="/tests/">
    <Project Path="tests/CodexBar.Core.Tests/CodexBar.Core.Tests.csproj" />
  </Folder>
</Solution>
